
Microsoft Visual Studio Solution File, Format Version 12.00
# Visual Studio 15
VisualStudioVersion = 15.0.26430.6
MinimumVisualStudioVersion = 10.0.40219.1
Project("{FAE04EC0-301F-11D3-BF4B-00C04F79EFBC}") = "Match Count", "Match Count\Match Count.csproj", "{552165EC-3C4C-4C28-B7E3-60F1070B67C5}"
EndProject
Project("{FAE04EC0-301F-11D3-BF4B-00C04F79EFBC}") = "Vowel Count", "Vowel Count\Vowel Count.csproj", "{635F1A0D-F5EB-4A9E-A8F4-0D0275356CD2}"
EndProject
Project("{FAE04EC0-301F-11D3-BF4B-00C04F79EFBC}") = "Non-Digit Count", "Non-Digit Count\Non-Digit Count.csproj", "{A9714816-331C-4A95-928B-18FF2B7A5C4B}"
EndProject
Project("{FAE04EC0-301F-11D3-BF4B-00C04F79EFBC}") = "Extract Integer Numbers", "Extract Integer Numbers\Extract Integer Numbers.csproj", "{41677D7B-602C-4422-82B6-D347246FE649}"
EndProject
Project("{FAE04EC0-301F-11D3-BF4B-00C04F79EFBC}") = "Extract Tags", "Extract Tags\Extract Tags.csproj", "{A7DE6F1F-ECA3-4440-83A1-38659DA5B995}"
EndProject
Project("{FAE04EC0-301F-11D3-BF4B-00C04F79EFBC}") = "Valid Usernames", "Valid Usernames\Valid Usernames.csproj", "{3CF76D46-63C5-49E2-BEBC-A609CC0823E8}"
EndProject
Project("{FAE04EC0-301F-11D3-BF4B-00C04F79EFBC}") = "Valid Time", "Valid Time\Valid Time.csproj", "{46B0C96B-0825-4D91-8995-224D9D78B0BD}"
EndProject
Project("{FAE04EC0-301F-11D3-BF4B-00C04F79EFBC}") = "Extract Quotations", "Extract Quotations\Extract Quotations.csproj", "{A01C2C9B-5ABF-403C-8B0F-40C8DB0D645A}"
EndProject
Global
	GlobalSection(SolutionConfigurationPlatforms) = preSolution
		Debug|Any CPU = Debug|Any CPU
		Release|Any CPU = Release|Any CPU
	EndGlobalSection
	GlobalSection(ProjectConfigurationPlatforms) = postSolution
		{552165EC-3C4C-4C28-B7E3-60F1070B67C5}.Debug|Any CPU.ActiveCfg = Debug|Any CPU
		{552165EC-3C4C-4C28-B7E3-60F1070B67C5}.Debug|Any CPU.Build.0 = Debug|Any CPU
		{552165EC-3C4C-4C28-B7E3-60F1070B67C5}.Release|Any CPU.ActiveCfg = Release|Any CPU
		{552165EC-3C4C-4C28-B7E3-60F1070B67C5}.Release|Any CPU.Build.0 = Release|Any CPU
		{635F1A0D-F5EB-4A9E-A8F4-0D0275356CD2}.Debug|Any CPU.ActiveCfg = Debug|Any CPU
		{635F1A0D-F5EB-4A9E-A8F4-0D0275356CD2}.Debug|Any CPU.Build.0 = Debug|Any CPU
		{635F1A0D-F5EB-4A9E-A8F4-0D0275356CD2}.Release|Any CPU.ActiveCfg = Release|Any CPU
		{635F1A0D-F5EB-4A9E-A8F4-0D0275356CD2}.Release|Any CPU.Build.0 = Release|Any CPU
		{A9714816-331C-4A95-928B-18FF2B7A5C4B}.Debug|Any CPU.ActiveCfg = Debug|Any CPU
		{A9714816-331C-4A95-928B-18FF2B7A5C4B}.Debug|Any CPU.Build.0 = Debug|Any CPU
		{A9714816-331C-4A95-928B-18FF2B7A5C4B}.Release|Any CPU.ActiveCfg = Release|Any CPU
		{A9714816-331C-4A95-928B-18FF2B7A5C4B}.Release|Any CPU.Build.0 = Release|Any CPU
		{41677D7B-602C-4422-82B6-D347246FE649}.Debug|Any CPU.ActiveCfg = Debug|Any CPU
		{41677D7B-602C-4422-82B6-D347246FE649}.Debug|Any CPU.Build.0 = Debug|Any CPU
		{41677D7B-602C-4422-82B6-D347246FE649}.Release|Any CPU.ActiveCfg = Release|Any CPU
		{41677D7B-602C-4422-82B6-D347246FE649}.Release|Any CPU.Build.0 = Release|Any CPU
		{A7DE6F1F-ECA3-4440-83A1-38659DA5B995}.Debug|Any CPU.ActiveCfg = Debug|Any CPU
		{A7DE6F1F-ECA3-4440-83A1-38659DA5B995}.Debug|Any CPU.Build.0 = Debug|Any CPU
		{A7DE6F1F-ECA3-4440-83A1-38659DA5B995}.Release|Any CPU.ActiveCfg = Release|Any CPU
		{A7DE6F1F-ECA3-4440-83A1-38659DA5B995}.Release|Any CPU.Build.0 = Release|Any CPU
		{3CF76D46-63C5-49E2-BEBC-A609CC0823E8}.Debug|Any CPU.ActiveCfg = Debug|Any CPU
		{3CF76D46-63C5-49E2-BEBC-A609CC0823E8}.Debug|Any CPU.Build.0 = Debug|Any CPU
		{3CF76D46-63C5-49E2-BEBC-A609CC0823E8}.Release|Any CPU.ActiveCfg = Release|Any CPU
		{3CF76D46-63C5-49E2-BEBC-A609CC0823E8}.Release|Any CPU.Build.0 = Release|Any CPU
		{46B0C96B-0825-4D91-8995-224D9D78B0BD}.Debug|Any CPU.ActiveCfg = Debug|Any CPU
		{46B0C96B-0825-4D91-8995-224D9D78B0BD}.Debug|Any CPU.Build.0 = Debug|Any CPU
		{46B0C96B-0825-4D91-8995-224D9D78B0BD}.Release|Any CPU.ActiveCfg = Release|Any CPU
		{46B0C96B-0825-4D91-8995-224D9D78B0BD}.Release|Any CPU.Build.0 = Release|Any CPU
		{A01C2C9B-5ABF-403C-8B0F-40C8DB0D645A}.Debug|Any CPU.ActiveCfg = Debug|Any CPU
		{A01C2C9B-5ABF-403C-8B0F-40C8DB0D645A}.Debug|Any CPU.Build.0 = Debug|Any CPU
		{A01C2C9B-5ABF-403C-8B0F-40C8DB0D645A}.Release|Any CPU.ActiveCfg = Release|Any CPU
		{A01C2C9B-5ABF-403C-8B0F-40C8DB0D645A}.Release|Any CPU.Build.0 = Release|Any CPU
	EndGlobalSection
	GlobalSection(SolutionProperties) = preSolution
		HideSolutionNode = FALSE
	EndGlobalSection
EndGlobal
